
Microsoft Visual Studio Solution File, Format Version 12.00
# Visual Studio 15
VisualStudioVersion = 15.0.28307.705
MinimumVisualStudioVersion = 10.0.40219.1
Project("{9A19103F-16F7-4668-BE54-9A1E7A4F7556}") = "XCore", "XCore\XCore.csproj", "{5531C3D8-C63E-4D0B-849D-4111649BBDD7}"
EndProject
Project("{FAE04EC0-301F-11D3-BF4B-00C04F79EFBC}") = "XCore.Print", "XCore.Print\XCore.Print.csproj", "{8C7CC0E4-C5DB-4E14-BE73-83C01034103F}"
EndProject
Global
	GlobalSection(SolutionConfigurationPlatforms) = preSolution
		Debug|Any CPU = Debug|Any CPU
		Release|Any CPU = Release|Any CPU
	EndGlobalSection
	GlobalSection(ProjectConfigurationPlatforms) = postSolution
		{5531C3D8-C63E-4D0B-849D-4111649BBDD7}.Debug|Any CPU.ActiveCfg = Debug|Any CPU
		{5531C3D8-C63E-4D0B-849D-4111649BBDD7}.Debug|Any CPU.Build.0 = Debug|Any CPU
		{5531C3D8-C63E-4D0B-849D-4111649BBDD7}.Release|Any CPU.ActiveCfg = Release|Any CPU
		{5531C3D8-C63E-4D0B-849D-4111649BBDD7}.Release|Any CPU.Build.0 = Release|Any CPU
		{8C7CC0E4-C5DB-4E14-BE73-83C01034103F}.Debug|Any CPU.ActiveCfg = Debug|Any CPU
		{8C7CC0E4-C5DB-4E14-BE73-83C01034103F}.Debug|Any CPU.Build.0 = Debug|Any CPU
		{8C7CC0E4-C5DB-4E14-BE73-83C01034103F}.Release|Any CPU.ActiveCfg = Release|Any CPU
		{8C7CC0E4-C5DB-4E14-BE73-83C01034103F}.Release|Any CPU.Build.0 = Release|Any CPU
	EndGlobalSection
	GlobalSection(SolutionProperties) = preSolution
		HideSolutionNode = FALSE
	EndGlobalSection
	GlobalSection(ExtensibilityGlobals) = postSolution
		SolutionGuid = {D23AEEDC-F9C2-4EAF-8425-835CF053FAC2}
	EndGlobalSection
EndGlobal
